
Microsoft Visual Studio Solution File, Format Version 12.00
# Visual Studio Version 17
VisualStudioVersion = 17.5.002.0
MinimumVisualStudioVersion = 10.0.40219.1
Project("{9A19103F-16F7-4668-BE54-9A1E7A4F7556}") = "ReAkTor", "ReAkTor.csproj", "{B08803E8-4845-49DA-9674-85E9DF9A41CA}"
EndProject
Global
	GlobalSection(SolutionConfigurationPlatforms) = preSolution
		Debug|Any CPU = Debug|Any CPU
		Release|Any CPU = Release|Any CPU
	EndGlobalSection
	GlobalSection(ProjectConfigurationPlatforms) = postSolution
		{B08803E8-4845-49DA-9674-85E9DF9A41CA}.Debug|Any CPU.ActiveCfg = Debug|Any CPU
		{B08803E8-4845-49DA-9674-85E9DF9A41CA}.Debug|Any CPU.Build.0 = Debug|Any CPU
		{B08803E8-4845-49DA-9674-85E9DF9A41CA}.Release|Any CPU.ActiveCfg = Release|Any CPU
		{B08803E8-4845-49DA-9674-85E9DF9A41CA}.Release|Any CPU.Build.0 = Release|Any CPU
	EndGlobalSection
	GlobalSection(SolutionProperties) = preSolution
		HideSolutionNode = FALSE
	EndGlobalSection
	GlobalSection(ExtensibilityGlobals) = postSolution
		SolutionGuid = {CC30EC5A-0C73-43B4-BDAB-14E29F0F1156}
	EndGlobalSection
EndGlobal
